<Project xmlns="http://schemas.microsoft.com/developer/msbuild/2003">
    <PropertyGroup>
        <ProjectGuid>{7C8FB028-D9C2-4258-AF58-8DB12F4586F5}</ProjectGuid>
        <MainSource>CDWav.DPR</MainSource>
        <Base>True</Base>
        <Config Condition="'$(Config)'==''">Debug</Config>
        <TargetedPlatforms>1</TargetedPlatforms>
        <AppType>Application</AppType>
        <FrameworkType>VCL</FrameworkType>
        <ProjectVersion>19.2</ProjectVersion>
        <Platform Condition="'$(Platform)'==''">Win32</Platform>
    </PropertyGroup>
    <PropertyGroup Condition="'$(Config)'=='Base' or '$(Base)'!=''">
        <Base>true</Base>
    </PropertyGroup>
    <PropertyGroup Condition="('$(Platform)'=='Win32' and '$(Base)'=='true') or '$(Base_Win32)'!=''">
        <Base_Win32>true</Base_Win32>
        <CfgParent>Base</CfgParent>
        <Base>true</Base>
    </PropertyGroup>
    <PropertyGroup Condition="('$(Platform)'=='Win64' and '$(Base)'=='true') or '$(Base_Win64)'!=''">
        <Base_Win64>true</Base_Win64>
        <CfgParent>Base</CfgParent>
        <Base>true</Base>
    </PropertyGroup>
    <PropertyGroup Condition="'$(Config)'=='Release' or '$(Cfg_1)'!=''">
        <Cfg_1>true</Cfg_1>
        <CfgParent>Base</CfgParent>
        <Base>true</Base>
    </PropertyGroup>
    <PropertyGroup Condition="('$(Platform)'=='Win32' and '$(Cfg_1)'=='true') or '$(Cfg_1_Win32)'!=''">
        <Cfg_1_Win32>true</Cfg_1_Win32>
        <CfgParent>Cfg_1</CfgParent>
        <Cfg_1>true</Cfg_1>
        <Base>true</Base>
    </PropertyGroup>
    <PropertyGroup Condition="'$(Config)'=='Debug' or '$(Cfg_2)'!=''">
        <Cfg_2>true</Cfg_2>
        <CfgParent>Base</CfgParent>
        <Base>true</Base>
    </PropertyGroup>
    <PropertyGroup Condition="('$(Platform)'=='Win32' and '$(Cfg_2)'=='true') or '$(Cfg_2_Win32)'!=''">
        <Cfg_2_Win32>true</Cfg_2_Win32>
        <CfgParent>Cfg_2</CfgParent>
        <Cfg_2>true</Cfg_2>
        <Base>true</Base>
    </PropertyGroup>
    <PropertyGroup Condition="'$(Base)'!=''">
        <DCC_E>false</DCC_E>
        <DCC_F>false</DCC_F>
        <DCC_K>false</DCC_K>
        <DCC_N>true</DCC_N>
        <DCC_S>false</DCC_S>
        <DCC_ImageBase>00400000</DCC_ImageBase>
        <DCC_DebugInformation>1</DCC_DebugInformation>
        <DCC_WriteableConstants>true</DCC_WriteableConstants>
        <DCC_SymbolReferenceInfo>1</DCC_SymbolReferenceInfo>
        <DCC_Description>CD Wave Editor</DCC_Description>
        <DCC_ExeOutput>Execute</DCC_ExeOutput>
        <DCC_DcuOutput>Units</DCC_DcuOutput>
        <DCC_UnitSearchPath>..\Components;$(DCC_UnitSearchPath)</DCC_UnitSearchPath>
        <DCC_UsePackage>vclx30;VCL30;vcldb30;vcldbx30;inetdb30;inet30;VclSmp30;Qrpt30;teeui30;teedb30;tee30;dss30;IBEVNT30;VCL50;VCLX50;$(DCC_UsePackage)</DCC_UsePackage>
        <SanitizedProjectName>CDWav</SanitizedProjectName>
        <DCC_Namespace>Vcl;Vcl.Imaging;Vcl.Touch;Vcl.Samples;Vcl.Shell;System;Xml;Data;Datasnap;Web;Soap;Winapi;System.Win;FireDAC.VCLUI;$(DCC_Namespace)</DCC_Namespace>
        <VerInfo_IncludeVerInfo>true</VerInfo_IncludeVerInfo>
        <VerInfo_AutoGenVersion>true</VerInfo_AutoGenVersion>
        <VerInfo_MinorVer>9</VerInfo_MinorVer>
        <VerInfo_Release>8</VerInfo_Release>
        <VerInfo_Build>1</VerInfo_Build>
        <VerInfo_Locale>1033</VerInfo_Locale>
        <VerInfo_Keys>CompanyName=MiLo Software;FileDescription=CD WAV Editor;FileVersion=1.9.8.1;InternalName=CDWAV;LegalCopyright=Copyright (c) 1998-2003 MiLo Software;LegalTrademarks=;OriginalFilename=cdwav.exe;ProductName=CD Wave Editor;ProductVersion=1.98;Comments=</VerInfo_Keys>
    </PropertyGroup>
    <PropertyGroup Condition="'$(Base_Win32)'!=''">
        <DCC_Namespace>Winapi;System.Win;Data.Win;Datasnap.Win;Web.Win;Soap.Win;Xml.Win;Bde;$(DCC_Namespace)</DCC_Namespace>
        <BT_BuildType>Debug</BT_BuildType>
        <VerInfo_IncludeVerInfo>true</VerInfo_IncludeVerInfo>
        <VerInfo_Keys>CompanyName=;FileDescription=$(MSBuildProjectName);FileVersion=1.0.0.0;InternalName=;LegalCopyright=;LegalTrademarks=;OriginalFilename=;ProductName=$(MSBuildProjectName);ProductVersion=1.0.0.0;Comments=;ProgramID=com.embarcadero.$(MSBuildProjectName)</VerInfo_Keys>
        <VerInfo_Locale>1033</VerInfo_Locale>
        <Manifest_File>$(BDS)\bin\default_app.manifest</Manifest_File>
        <Icon_MainIcon>CDWav_Icon.ico</Icon_MainIcon>
        <AppEnableRuntimeThemes>true</AppEnableRuntimeThemes>
        <UWP_DelphiLogo44>$(BDS)\bin\Artwork\Windows\UWP\delphi_UwpDefault_44.png</UWP_DelphiLogo44>
        <UWP_DelphiLogo150>$(BDS)\bin\Artwork\Windows\UWP\delphi_UwpDefault_150.png</UWP_DelphiLogo150>
    </PropertyGroup>
    <PropertyGroup Condition="'$(Base_Win64)'!=''">
        <Icon_MainIcon>CDWav_Icon.ico</Icon_MainIcon>
        <UWP_DelphiLogo44>$(BDS)\bin\Artwork\Windows\UWP\delphi_UwpDefault_44.png</UWP_DelphiLogo44>
        <UWP_DelphiLogo150>$(BDS)\bin\Artwork\Windows\UWP\delphi_UwpDefault_150.png</UWP_DelphiLogo150>
    </PropertyGroup>
    <PropertyGroup Condition="'$(Cfg_1)'!=''">
        <DCC_Define>RELEASE;$(DCC_Define)</DCC_Define>
        <DCC_DebugInformation>0</DCC_DebugInformation>
        <DCC_LocalDebugSymbols>false</DCC_LocalDebugSymbols>
        <DCC_SymbolReferenceInfo>0</DCC_SymbolReferenceInfo>
    </PropertyGroup>
    <PropertyGroup Condition="'$(Cfg_1_Win32)'!=''">
        <AppEnableRuntimeThemes>true</AppEnableRuntimeThemes>
        <AppDPIAwarenessMode>PerMonitorV2</AppDPIAwarenessMode>
    </PropertyGroup>
    <PropertyGroup Condition="'$(Cfg_2)'!=''">
        <DCC_Define>DEBUG;$(DCC_Define)</DCC_Define>
        <DCC_Optimize>false</DCC_Optimize>
        <DCC_GenerateStackFrames>true</DCC_GenerateStackFrames>
    </PropertyGroup>
    <PropertyGroup Condition="'$(Cfg_2_Win32)'!=''">
        <AppEnableRuntimeThemes>true</AppEnableRuntimeThemes>
        <AppDPIAwarenessMode>PerMonitorV2</AppDPIAwarenessMode>
    </PropertyGroup>
    <ItemGroup>
        <DelphiCompile Include="$(MainSource)">
            <MainSource>MainSource</MainSource>
        </DelphiCompile>
        <DCCReference Include="MAIN.PAS">
            <Form>MainForm</Form>
        </DCCReference>
        <DCCReference Include="About.pas">
            <Form>AboutBox</Form>
        </DCCReference>
        <DCCReference Include="working.pas">
            <Form>LoadingDlg</Form>
        </DCCReference>
        <DCCReference Include="Utils.pas"/>
        <DCCReference Include="AutoCut.pas">
            <Form>AutoCutDlg</Form>
        </DCCReference>
        <DCCReference Include="Settings.pas">
            <Form>SettingsDialog</Form>
        </DCCReference>
        <DCCReference Include="RecThd.pas"/>
        <DCCReference Include="mmutil.pas"/>
        <DCCReference Include="FormatFrm.pas">
            <Form>FormatForm</Form>
        </DCCReference>
        <DCCReference Include="RecordFrm.pas">
            <Form>DlgRecord</Form>
        </DCCReference>
        <DCCReference Include="SelectDirFrm.pas">
            <Form>SelectDirDlg</Form>
        </DCCReference>
        <DCCReference Include="FileAssociations.pas">
            <Form>FileAssociationDlg</Form>
        </DCCReference>
        <DCCReference Include="ShellUtils.pas"/>
        <DCCReference Include="AboutShare.pas">
            <Form>AboutBoxShare</Form>
        </DCCReference>
        <DCCReference Include="DlgRecShare.pas">
            <Form>DlgRecordShare</Form>
        </DCCReference>
        <DCCReference Include="Properties.pas">
            <Form>FilePropertiesForm</Form>
        </DCCReference>
        <DCCReference Include="TimeSplitFrm.pas">
            <Form>TimeSplitForm</Form>
        </DCCReference>
        <DCCReference Include="DlgJumpTo.pas">
            <Form>JumpToDlg</Form>
        </DCCReference>
        <DCCReference Include="AboutFull.pas">
            <Form>AboutBoxFull</Form>
        </DCCReference>
        <DCCReference Include="License.pas"/>
        <DCCReference Include="RegisterFrm.pas">
            <Form>RegisterForm</Form>
        </DCCReference>
        <DCCReference Include="AuditionFrm.pas">
            <Form>AuditionForm</Form>
        </DCCReference>
        <DCCReference Include="..\Components\FLAC_Enc.pas"/>
        <DCCReference Include="DAEFrm.pas">
            <Form>DAEForm</Form>
        </DCCReference>
        <DCCReference Include="WaveUtil.pas"/>
        <DCCReference Include="WaveIO.pas"/>
        <DCCReference Include="WaveWriters.pas"/>
        <DCCReference Include="..\Components\APE.pas"/>
        <DCCReference Include="DirNameFrm.pas">
            <Form>DirNameForm</Form>
        </DCCReference>
        <None Include="CDWav.DPR">
            <ContainerId>File</ContainerId>
        </None>
        <BuildConfiguration Include="Debug">
            <Key>Cfg_2</Key>
            <CfgParent>Base</CfgParent>
        </BuildConfiguration>
        <BuildConfiguration Include="Base">
            <Key>Base</Key>
        </BuildConfiguration>
        <BuildConfiguration Include="Release">
            <Key>Cfg_1</Key>
            <CfgParent>Base</CfgParent>
        </BuildConfiguration>
    </ItemGroup>
    <ProjectExtensions>
        <Borland.Personality>Delphi.Personality.12</Borland.Personality>
        <Borland.ProjectType/>
        <BorlandProject>
            <Delphi.Personality>
                <Source>
                    <Source Name="MainSource">CDWav.DPR</Source>
                </Source>
                <Language>
                    <Language Name="ActiveLang">NLD</Language>
                    <Language Name="ProjectLang">$00000409</Language>
                </Language>
            </Delphi.Personality>
            <Platforms>
                <Platform value="Win32">True</Platform>
                <Platform value="Win64">False</Platform>
            </Platforms>
        </BorlandProject>
        <ProjectFileVersion>12</ProjectFileVersion>
    </ProjectExtensions>
    <Import Project="$(BDS)\Bin\CodeGear.Delphi.Targets" Condition="Exists('$(BDS)\Bin\CodeGear.Delphi.Targets')"/>
    <Import Project="$(APPDATA)\Embarcadero\$(BDSAPPDATABASEDIR)\$(PRODUCTVERSION)\UserTools.proj" Condition="Exists('$(APPDATA)\Embarcadero\$(BDSAPPDATABASEDIR)\$(PRODUCTVERSION)\UserTools.proj')"/>
</Project>
